
Microsoft Visual Studio Solution File, Format Version 12.00
# Visual Studio Version 16
VisualStudioVersion = 16.0.31424.327
MinimumVisualStudioVersion = 10.0.40219.1
Project("{FAE04EC0-301F-11D3-BF4B-00C04F79EFBC}") = "ChitChat", "ChitChat\ChitChat.csproj", "{86959807-DC7E-4F72-A47F-1632D4672829}"
EndProject
Global
	GlobalSection(SolutionConfigurationPlatforms) = preSolution
		Debug|Any CPU = Debug|Any CPU
		Release|Any CPU = Release|Any CPU
	EndGlobalSection
	GlobalSection(ProjectConfigurationPlatforms) = postSolution
		{86959807-DC7E-4F72-A47F-1632D4672829}.Debug|Any CPU.ActiveCfg = Debug|Any CPU
		{86959807-DC7E-4F72-A47F-1632D4672829}.Debug|Any CPU.Build.0 = Debug|Any CPU
		{86959807-DC7E-4F72-A47F-1632D4672829}.Release|Any CPU.ActiveCfg = Release|Any CPU
		{86959807-DC7E-4F72-A47F-1632D4672829}.Release|Any CPU.Build.0 = Release|Any CPU
	EndGlobalSection
	GlobalSection(SolutionProperties) = preSolution
		HideSolutionNode = FALSE
	EndGlobalSection
	GlobalSection(ExtensibilityGlobals) = postSolution
		SolutionGuid = {D2A185C5-E3C5-4F40-BE36-F9B6FC1766B3}
	EndGlobalSection
EndGlobal
